
Microsoft Visual Studio Solution File, Format Version 12.00
Project("{2150E333-8FDC-42A3-9474-1A3956D46DE8}") = "N8 Dependency Injection", "N8 Dependency Injection", "{05BFD938-3192-4545-9517-3795899280B0}"
EndProject
Project("{FAE04EC0-301F-11D3-BF4B-00C04F79EFBC}") = "AspNetCore.DependencyInjection", "AspNetCore.DependencyInjection\AspNetCore.DependencyInjection.csproj", "{8D4320DF-B59D-4906-8FF4-0E94413A4D73}"
EndProject
Project("{2150E333-8FDC-42A3-9474-1A3956D46DE8}") = "N9 Registering Services", "N9 Registering Services", "{CDF6BC78-D03F-4CFF-8ED4-A29C1870D096}"
EndProject
Project("{FAE04EC0-301F-11D3-BF4B-00C04F79EFBC}") = "AspNetCore.RegisteringServices", "AspNetCore.RegisteringServices\AspNetCore.RegisteringServices.csproj", "{54777A70-C340-4901-AA89-13447909BB84}"
EndProject
Project("{2150E333-8FDC-42A3-9474-1A3956D46DE8}") = "N10 Configuration", "N10 Configuration", "{1015501C-19B2-4D5F-9F3F-66AA7537A637}"
EndProject
Project("{FAE04EC0-301F-11D3-BF4B-00C04F79EFBC}") = "AspNetCore.Configuration", "AspNetCore.Configuration\AspNetCore.Configuration.csproj", "{283C83B5-5B73-43D5-A262-A363A8C216AA}"
EndProject
Project("{2150E333-8FDC-42A3-9474-1A3956D46DE8}") = "N4 Middleware", "N4 Middleware", "{FDD6FD84-8EBC-4619-B1FC-83269124E109}"
EndProject
Project("{FAE04EC0-301F-11D3-BF4B-00C04F79EFBC}") = "N1.CustomMiddleware", "N1.CustomMiddleware\N1.CustomMiddleware.csproj", "{0802F54D-EB90-468C-A2B3-EA2A26321040}"
EndProject
Project("{FAE04EC0-301F-11D3-BF4B-00C04F79EFBC}") = "N2.ExceptionHandlerMiddleware", "N2.ExceptionHandlerMiddleware\N2.ExceptionHandlerMiddleware.csproj", "{345729B7-4425-47A5-A660-0DCA641297FF}"
EndProject
Global
	GlobalSection(SolutionConfigurationPlatforms) = preSolution
		Debug|Any CPU = Debug|Any CPU
		Release|Any CPU = Release|Any CPU
	EndGlobalSection
	GlobalSection(NestedProjects) = preSolution
		{8D4320DF-B59D-4906-8FF4-0E94413A4D73} = {05BFD938-3192-4545-9517-3795899280B0}
		{54777A70-C340-4901-AA89-13447909BB84} = {CDF6BC78-D03F-4CFF-8ED4-A29C1870D096}
		{283C83B5-5B73-43D5-A262-A363A8C216AA} = {1015501C-19B2-4D5F-9F3F-66AA7537A637}
		{0802F54D-EB90-468C-A2B3-EA2A26321040} = {FDD6FD84-8EBC-4619-B1FC-83269124E109}
		{345729B7-4425-47A5-A660-0DCA641297FF} = {FDD6FD84-8EBC-4619-B1FC-83269124E109}
	EndGlobalSection
	GlobalSection(ProjectConfigurationPlatforms) = postSolution
		{8D4320DF-B59D-4906-8FF4-0E94413A4D73}.Debug|Any CPU.ActiveCfg = Debug|Any CPU
		{8D4320DF-B59D-4906-8FF4-0E94413A4D73}.Debug|Any CPU.Build.0 = Debug|Any CPU
		{8D4320DF-B59D-4906-8FF4-0E94413A4D73}.Release|Any CPU.ActiveCfg = Release|Any CPU
		{8D4320DF-B59D-4906-8FF4-0E94413A4D73}.Release|Any CPU.Build.0 = Release|Any CPU
		{54777A70-C340-4901-AA89-13447909BB84}.Debug|Any CPU.ActiveCfg = Debug|Any CPU
		{54777A70-C340-4901-AA89-13447909BB84}.Debug|Any CPU.Build.0 = Debug|Any CPU
		{54777A70-C340-4901-AA89-13447909BB84}.Release|Any CPU.ActiveCfg = Release|Any CPU
		{54777A70-C340-4901-AA89-13447909BB84}.Release|Any CPU.Build.0 = Release|Any CPU
		{283C83B5-5B73-43D5-A262-A363A8C216AA}.Debug|Any CPU.ActiveCfg = Debug|Any CPU
		{283C83B5-5B73-43D5-A262-A363A8C216AA}.Debug|Any CPU.Build.0 = Debug|Any CPU
		{283C83B5-5B73-43D5-A262-A363A8C216AA}.Release|Any CPU.ActiveCfg = Release|Any CPU
		{283C83B5-5B73-43D5-A262-A363A8C216AA}.Release|Any CPU.Build.0 = Release|Any CPU
		{0802F54D-EB90-468C-A2B3-EA2A26321040}.Debug|Any CPU.ActiveCfg = Debug|Any CPU
		{0802F54D-EB90-468C-A2B3-EA2A26321040}.Debug|Any CPU.Build.0 = Debug|Any CPU
		{0802F54D-EB90-468C-A2B3-EA2A26321040}.Release|Any CPU.ActiveCfg = Release|Any CPU
		{0802F54D-EB90-468C-A2B3-EA2A26321040}.Release|Any CPU.Build.0 = Release|Any CPU
		{345729B7-4425-47A5-A660-0DCA641297FF}.Debug|Any CPU.ActiveCfg = Debug|Any CPU
		{345729B7-4425-47A5-A660-0DCA641297FF}.Debug|Any CPU.Build.0 = Debug|Any CPU
		{345729B7-4425-47A5-A660-0DCA641297FF}.Release|Any CPU.ActiveCfg = Release|Any CPU
		{345729B7-4425-47A5-A660-0DCA641297FF}.Release|Any CPU.Build.0 = Release|Any CPU
	EndGlobalSection
EndGlobal
